
Microsoft Visual Studio Solution File, Format Version 12.00
# Visual Studio Version 16
VisualStudioVersion = 16.0.30621.155
MinimumVisualStudioVersion = 10.0.40219.1
Project("{FAE04EC0-301F-11D3-BF4B-00C04F79EFBC}") = "TestAzureDeployment", "TestAzureDeployment\TestAzureDeployment.csproj", "{826AA499-E906-401D-8664-7A9150C6092A}"
EndProject
Global
	GlobalSection(SolutionConfigurationPlatforms) = preSolution
		Debug|Any CPU = Debug|Any CPU
		Release|Any CPU = Release|Any CPU
	EndGlobalSection
	GlobalSection(ProjectConfigurationPlatforms) = postSolution
		{826AA499-E906-401D-8664-7A9150C6092A}.Debug|Any CPU.ActiveCfg = Debug|Any CPU
		{826AA499-E906-401D-8664-7A9150C6092A}.Debug|Any CPU.Build.0 = Debug|Any CPU
		{826AA499-E906-401D-8664-7A9150C6092A}.Release|Any CPU.ActiveCfg = Release|Any CPU
		{826AA499-E906-401D-8664-7A9150C6092A}.Release|Any CPU.Build.0 = Release|Any CPU
	EndGlobalSection
	GlobalSection(SolutionProperties) = preSolution
		HideSolutionNode = FALSE
	EndGlobalSection
	GlobalSection(ExtensibilityGlobals) = postSolution
		SolutionGuid = {1CABE869-29CA-4B22-B80C-1D62DBE26203}
	EndGlobalSection
EndGlobal
